{
  "nodes": {
    "nixpkgs": {
      "locked": {
        "lastModified": 1730442135,
        "narHash": "sha256-tfA3GyyUzqhndB1nlpF8Ew68Db8ecAco51juKqN/rfQ=",
        "type": "tarball",
        "url": "https://mirrors.ustc.edu.cn/nix-channels/nixos-24.05/nixexprs.tar.xz"
      },
      "original": {
        "type": "tarball",
        "url": "https://mirrors.ustc.edu.cn/nix-channels/nixos-24.05/nixexprs.tar.xz"
      }
    },
    "root": {
      "inputs": {
        "nixpkgs": "nixpkgs"
      }
    }
  },
  "root": "root",
  "version": 7
}
